
Microsoft Visual Studio Solution File, Format Version 12.00
# Visual Studio 15
VisualStudioVersion = 15.0.26730.16
MinimumVisualStudioVersion = 10.0.40219.1
Project("{8BC9CEB8-8B4A-11D0-8D11-00A0C91BC942}") = "ATEsystem.PIRIS-driver-Shared", "ATEsystem.PIRIS-driver-Shared\ATEsystem.PIRIS-driver-Shared.vcxitems", "{84731EB3-5E06-4162-AD9F-B82F693CB936}"
EndProject
Project("{8BC9CEB8-8B4A-11D0-8D11-00A0C91BC942}") = "ATEsystem.PIRIS-driver-WinNT", "ATEsystem.PIRIS-driver-WinNT\ATEsystem.PIRIS-driver-WinNT.vcxproj", "{6680DD3F-DBB3-482C-B791-5FE73A4C3D6F}"
EndProject
Project("{8BC9CEB8-8B4A-11D0-8D11-00A0C91BC942}") = "ATEsystem.PIRIS-driver-Linux", "ATEsystem.PIRIS-driver-Linux\ATEsystem.PIRIS-driver-Linux.vcxproj", "{54395F89-19C8-4056-BFCB-FBA55DE59B12}"
EndProject
Global
	GlobalSection(SharedMSBuildProjectFiles) = preSolution
		ATEsystem.PIRIS-driver-Shared\ATEsystem.PIRIS-driver-Shared.vcxitems*{54395f89-19c8-4056-bfcb-fba55de59b12}*SharedItemsImports = 4
		ATEsystem.PIRIS-driver-Shared\ATEsystem.PIRIS-driver-Shared.vcxitems*{6680dd3f-dbb3-482c-b791-5fe73a4c3d6f}*SharedItemsImports = 4
		ATEsystem.PIRIS-driver-Shared\ATEsystem.PIRIS-driver-Shared.vcxitems*{84731eb3-5e06-4162-ad9f-b82f693cb936}*SharedItemsImports = 9
	EndGlobalSection
	GlobalSection(SolutionConfigurationPlatforms) = preSolution
		Debug|Any CPU = Debug|Any CPU
		Debug|ARM = Debug|ARM
		Debug|ARM64 = Debug|ARM64
		Debug|x64 = Debug|x64
		Debug|x86 = Debug|x86
		Release|Any CPU = Release|Any CPU
		Release|ARM = Release|ARM
		Release|ARM64 = Release|ARM64
		Release|x64 = Release|x64
		Release|x86 = Release|x86
	EndGlobalSection
	GlobalSection(ProjectConfigurationPlatforms) = postSolution
		{6680DD3F-DBB3-482C-B791-5FE73A4C3D6F}.Debug|Any CPU.ActiveCfg = Release|Win32
		{6680DD3F-DBB3-482C-B791-5FE73A4C3D6F}.Debug|Any CPU.Build.0 = Release|Win32
		{6680DD3F-DBB3-482C-B791-5FE73A4C3D6F}.Debug|ARM.ActiveCfg = Release|x64
		{6680DD3F-DBB3-482C-B791-5FE73A4C3D6F}.Debug|ARM.Build.0 = Release|x64
		{6680DD3F-DBB3-482C-B791-5FE73A4C3D6F}.Debug|ARM64.ActiveCfg = Release|x64
		{6680DD3F-DBB3-482C-B791-5FE73A4C3D6F}.Debug|ARM64.Build.0 = Release|x64
		{6680DD3F-DBB3-482C-B791-5FE73A4C3D6F}.Debug|x64.ActiveCfg = Release|x64
		{6680DD3F-DBB3-482C-B791-5FE73A4C3D6F}.Debug|x64.Build.0 = Release|x64
		{6680DD3F-DBB3-482C-B791-5FE73A4C3D6F}.Debug|x86.ActiveCfg = Release|Win32
		{6680DD3F-DBB3-482C-B791-5FE73A4C3D6F}.Debug|x86.Build.0 = Release|Win32
		{6680DD3F-DBB3-482C-B791-5FE73A4C3D6F}.Release|Any CPU.ActiveCfg = Release|Win32
		{6680DD3F-DBB3-482C-B791-5FE73A4C3D6F}.Release|ARM.ActiveCfg = Release|Win32
		{6680DD3F-DBB3-482C-B791-5FE73A4C3D6F}.Release|ARM64.ActiveCfg = Release|Win32
		{6680DD3F-DBB3-482C-B791-5FE73A4C3D6F}.Release|x64.ActiveCfg = Release|x64
		{6680DD3F-DBB3-482C-B791-5FE73A4C3D6F}.Release|x64.Build.0 = Release|x64
		{6680DD3F-DBB3-482C-B791-5FE73A4C3D6F}.Release|x86.ActiveCfg = Release|Win32
		{6680DD3F-DBB3-482C-B791-5FE73A4C3D6F}.Release|x86.Build.0 = Release|Win32
		{54395F89-19C8-4056-BFCB-FBA55DE59B12}.Debug|Any CPU.ActiveCfg = Release|x86
		{54395F89-19C8-4056-BFCB-FBA55DE59B12}.Debug|Any CPU.Build.0 = Release|x86
		{54395F89-19C8-4056-BFCB-FBA55DE59B12}.Debug|ARM.ActiveCfg = Release|ARM
		{54395F89-19C8-4056-BFCB-FBA55DE59B12}.Debug|ARM.Build.0 = Release|ARM
		{54395F89-19C8-4056-BFCB-FBA55DE59B12}.Debug|ARM64.ActiveCfg = Release|ARM64
		{54395F89-19C8-4056-BFCB-FBA55DE59B12}.Debug|ARM64.Build.0 = Release|ARM64
		{54395F89-19C8-4056-BFCB-FBA55DE59B12}.Debug|x64.ActiveCfg = Release|x64
		{54395F89-19C8-4056-BFCB-FBA55DE59B12}.Debug|x64.Build.0 = Release|x64
		{54395F89-19C8-4056-BFCB-FBA55DE59B12}.Debug|x86.ActiveCfg = Release|x86
		{54395F89-19C8-4056-BFCB-FBA55DE59B12}.Debug|x86.Build.0 = Release|x86
		{54395F89-19C8-4056-BFCB-FBA55DE59B12}.Release|Any CPU.ActiveCfg = Release|x86
		{54395F89-19C8-4056-BFCB-FBA55DE59B12}.Release|ARM.ActiveCfg = Release|ARM
		{54395F89-19C8-4056-BFCB-FBA55DE59B12}.Release|ARM.Build.0 = Release|ARM
		{54395F89-19C8-4056-BFCB-FBA55DE59B12}.Release|ARM64.ActiveCfg = Release|ARM64
		{54395F89-19C8-4056-BFCB-FBA55DE59B12}.Release|ARM64.Build.0 = Release|ARM64
		{54395F89-19C8-4056-BFCB-FBA55DE59B12}.Release|x64.ActiveCfg = Release|x64
		{54395F89-19C8-4056-BFCB-FBA55DE59B12}.Release|x64.Build.0 = Release|x64
		{54395F89-19C8-4056-BFCB-FBA55DE59B12}.Release|x86.ActiveCfg = Release|x86
		{54395F89-19C8-4056-BFCB-FBA55DE59B12}.Release|x86.Build.0 = Release|x86
	EndGlobalSection
	GlobalSection(SolutionProperties) = preSolution
		HideSolutionNode = FALSE
	EndGlobalSection
	GlobalSection(ExtensibilityGlobals) = postSolution
		SolutionGuid = {757E3FF0-6B87-4E79-B714-98F6A2207AF9}
	EndGlobalSection
EndGlobal
